// !$*UTF8*$!
{
	archiveVersion = 1;
	classes = {
	};
	objectVersion = 46;
	objects = {

/* Begin PBXBuildFile section */
		E20AED331D4FA6DE003379FA /* AppDelegate.swift in Sources */ = {isa = PBXBuildFile; fileRef = E20AED321D4FA6DE003379FA /* AppDelegate.swift */; };
		E20AED351D4FA6DE003379FA /* RecordSoundsViewController.swift in Sources */ = {isa = PBXBuildFile; fileRef = E20AED341D4FA6DE003379FA /* RecordSoundsViewController.swift */; };
		E20AED381D4FA6DE003379FA /* Main.storyboard in Resources */ = {isa = PBXBuildFile; fileRef = E20AED361D4FA6DE003379FA /* Main.storyboard */; };
		E20AED3A1D4FA6DE003379FA /* Assets.xcassets in Resources */ = {isa = PBXBuildFile; fileRef = E20AED391D4FA6DE003379FA /* Assets.xcassets */; };
		E20AED3D1D4FA6DE003379FA /* LaunchScreen.storyboard in Resources */ = {isa = PBXBuildFile; fileRef = E20AED3B1D4FA6DE003379FA /* LaunchScreen.storyboard */; };
		E20AED481D4FA6DE003379FA /* PitchPerfectTests.swift in Sources */ = {isa = PBXBuildFile; fileRef = E20AED471D4FA6DE003379FA /* PitchPerfectTests.swift */; };
		E20AED531D4FA6DE003379FA /* PitchPerfectUITests.swift in Sources */ = {isa = PBXBuildFile; fileRef = E20AED521D4FA6DE003379FA /* PitchPerfectUITests.swift */; };
		E271573B1D51E97000CB30EC /* PlaySoundsViewController.swift in Sources */ = {isa = PBXBuildFile; fileRef = E271573A1D51E97000CB30EC /* PlaySoundsViewController.swift */; };
		E27157411D51FACC00CB30EC /* PlaySoundsViewController+Audio.swift in Sources */ = {isa = PBXBuildFile; fileRef = E27157401D51FACC00CB30EC /* PlaySoundsViewController+Audio.swift */; };
/* End PBXBuildFile section */

/* Begin PBXContainerItemProxy section */
		E20AED441D4FA6DE003379FA /* PBXContainerItemProxy */ = {
			isa = PBXContainerItemProxy;
			containerPortal = E20AED271D4FA6DE003379FA /* Project object */;
			proxyType = 1;
			remoteGlobalIDString = E20AED2E1D4FA6DE003379FA;
			remoteInfo = PitchPerfect;
		};
		E20AED4F1D4FA6DE003379FA /* PBXContainerItemProxy */ = {
			isa = PBXContainerItemProxy;
			containerPortal = E20AED271D4FA6DE003379FA /* Project object */;
			proxyType = 1;
			remoteGlobalIDString = E20AED2E1D4FA6DE003379FA;
			remoteInfo = PitchPerfect;
		};
/* End PBXContainerItemProxy section */

/* Begin PBXFileReference section */
		E20AED2F1D4FA6DE003379FA /* PitchPerfect.app */ = {isa = PBXFileReference; explicitFileType = wrapper.application; includeInIndex = 0; path = PitchPerfect.app; sourceTree = BUILT_PRODUCTS_DIR; };
		E20AED321D4FA6DE003379FA /* AppDelegate.swift */ = {isa = PBXFileReference; lastKnownFileType = sourcecode.swift; path = AppDelegate.swift; sourceTree = "<group>"; };
		E20AED341D4FA6DE003379FA /* RecordSoundsViewController.swift */ = {isa = PBXFileReference; lastKnownFileType = sourcecode.swift; path = RecordSoundsViewController.swift; sourceTree = "<group>"; };
		E20AED371D4FA6DE003379FA /* Base */ = {isa = PBXFileReference; lastKnownFileType = file.storyboard; name = Base; path = Base.lproj/Main.storyboard; sourceTree = "<group>"; };
		E20AED391D4FA6DE003379FA /* Assets.xcassets */ = {isa = PBXFileReference; lastKnownFileType = folder.assetcatalog; path = Assets.xcassets; sourceTree = "<group>"; };
		E20AED3C1D4FA6DE003379FA /* Base */ = {isa = PBXFileReference; lastKnownFileType = file.storyboard; name = Base; path = Base.lproj/LaunchScreen.storyboard; sourceTree = "<group>"; };
		E20AED3E1D4FA6DE003379FA /* Info.plist */ = {isa = PBXFileReference; lastKnownFileType = text.plist.xml; path = Info.plist; sourceTree = "<group>"; };
		E20AED431D4FA6DE003379FA /* PitchPerfectTests.xctest */ = {isa = PBXFileReference; explicitFileType = wrapper.cfbundle; includeInIndex = 0; path = PitchPerfectTests.xctest; sourceTree = BUILT_PRODUCTS_DIR; };
		E20AED471D4FA6DE003379FA /* PitchPerfectTests.swift */ = {isa = PBXFileReference; lastKnownFileType = sourcecode.swift; path = PitchPerfectTests.swift; sourceTree = "<group>"; };
		E20AED491D4FA6DE003379FA /* Info.plist */ = {isa = PBXFileReference; lastKnownFileType = text.plist.xml; path = Info.plist; sourceTree = "<group>"; };
		E20AED4E1D4FA6DE003379FA /* PitchPerfectUITests.xctest */ = {isa = PBXFileReference; explicitFileType = wrapper.cfbundle; includeInIndex = 0; path = PitchPerfectUITests.xctest; sourceTree = BUILT_PRODUCTS_DIR; };
		E20AED521D4FA6DE003379FA /* PitchPerfectUITests.swift */ = {isa = PBXFileReference; lastKnownFileType = sourcecode.swift; path = PitchPerfectUITests.swift; sourceTree = "<group>"; };
		E20AED541D4FA6DF003379FA /* Info.plist */ = {isa = PBXFileReference; lastKnownFileType = text.plist.xml; path = Info.plist; sourceTree = "<group>"; };
		E271573A1D51E97000CB30EC /* PlaySoundsViewController.swift */ = {isa = PBXFileReference; fileEncoding = 4; lastKnownFileType = sourcecode.swift; path = PlaySoundsViewController.swift; sourceTree = "<group>"; };
		E27157401D51FACC00CB30EC /* PlaySoundsViewController+Audio.swift */ = {isa = PBXFileReference; fileEncoding = 4; lastKnownFileType = sourcecode.swift; path = "PlaySoundsViewController+Audio.swift"; sourceTree = "<group>"; };
/* End PBXFileReference section */

/* Begin PBXFrameworksBuildPhase section */
		E20AED2C1D4FA6DE003379FA /* Frameworks */ = {
			isa = PBXFrameworksBuildPhase;
			buildActionMask = 2147483647;
			files = (
			);
			runOnlyForDeploymentPostprocessing = 0;
		};
		E20AED401D4FA6DE003379FA /* Frameworks */ = {
			isa = PBXFrameworksBuildPhase;
			buildActionMask = 2147483647;
			files = (
			);
			runOnlyForDeploymentPostprocessing = 0;
		};
		E20AED4B1D4FA6DE003379FA /* Frameworks */ = {
			isa = PBXFrameworksBuildPhase;
			buildActionMask = 2147483647;
			files = (
			);
			runOnlyForDeploymentPostprocessing = 0;
		};
/* End PBXFrameworksBuildPhase section */

/* Begin PBXGroup section */
		E20AED261D4FA6DE003379FA = {
			isa = PBXGroup;
			children = (
				E20AED311D4FA6DE003379FA /* PitchPerfect */,
				E20AED461D4FA6DE003379FA /* PitchPerfectTests */,
				E20AED511D4FA6DE003379FA /* PitchPerfectUITests */,
				E20AED301D4FA6DE003379FA /* Products */,
			);
			sourceTree = "<group>";
		};
		E20AED301D4FA6DE003379FA /* Products */ = {
			isa = PBXGroup;
			children = (
				E20AED2F1D4FA6DE003379FA /* PitchPerfect.app */,
				E20AED431D4FA6DE003379FA /* PitchPerfectTests.xctest */,
				E20AED4E1D4FA6DE003379FA /* PitchPerfectUITests.xctest */,
			);
			name = Products;
			sourceTree = "<group>";
		};
		E20AED311D4FA6DE003379FA /* PitchPerfect */ = {
			isa = PBXGroup;
			children = (
				E20AED321D4FA6DE003379FA /* AppDelegate.swift */,
				E20AED341D4FA6DE003379FA /* RecordSoundsViewController.swift */,
				E20AED361D4FA6DE003379FA /* Main.storyboard */,
				E271573A1D51E97000CB30EC /* PlaySoundsViewController.swift */,
				E27157401D51FACC00CB30EC /* PlaySoundsViewController+Audio.swift */,
				E20AED391D4FA6DE003379FA /* Assets.xcassets */,
				E20AED3B1D4FA6DE003379FA /* LaunchScreen.storyboard */,
				E20AED3E1D4FA6DE003379FA /* Info.plist */,
			);
			path = PitchPerfect;
			sourceTree = "<group>";
		};
		E20AED461D4FA6DE003379FA /* PitchPerfectTests */ = {
			isa = PBXGroup;
			children = (
				E20AED471D4FA6DE003379FA /* PitchPerfectTests.swift */,
				E20AED491D4FA6DE003379FA /* Info.plist */,
			);
			path = PitchPerfectTests;
			sourceTree = "<group>";
		};
		E20AED511D4FA6DE003379FA /* PitchPerfectUITests */ = {
			isa = PBXGroup;
			children = (
				E20AED521D4FA6DE003379FA /* PitchPerfectUITests.swift */,
				E20AED541D4FA6DF003379FA /* Info.plist */,
			);
			path = PitchPerfectUITests;
			sourceTree = "<group>";
		};
/* End PBXGroup section */

/* Begin PBXNativeTarget section */
		E20AED2E1D4FA6DE003379FA /* PitchPerfect */ = {
			isa = PBXNativeTarget;
			buildConfigurationList = E20AED571D4FA6DF003379FA /* Build configuration list for PBXNativeTarget "PitchPerfect" */;
			buildPhases = (
				E20AED2B1D4FA6DE003379FA /* Sources */,
				E20AED2C1D4FA6DE003379FA /* Frameworks */,
				E20AED2D1D4FA6DE003379FA /* Resources */,
			);
			buildRules = (
			);
			dependencies = (
			);
			name = PitchPerfect;
			productName = PitchPerfect;
			productReference = E20AED2F1D4FA6DE003379FA /* PitchPerfect.app */;
			productType = "com.apple.product-type.application";
		};
		E20AED421D4FA6DE003379FA /* PitchPerfectTests */ = {
			isa = PBXNativeTarget;
			buildConfigurationList = E20AED5A1D4FA6DF003379FA /* Build configuration list for PBXNativeTarget "PitchPerfectTests" */;
			buildPhases = (
				E20AED3F1D4FA6DE003379FA /* Sources */,
				E20AED401D4FA6DE003379FA /* Frameworks */,
				E20AED411D4FA6DE003379FA /* Resources */,
			);
			buildRules = (
			);
			dependencies = (
				E20AED451D4FA6DE003379FA /* PBXTargetDependency */,
			);
			name = PitchPerfectTests;
			productName = PitchPerfectTests;
			productReference = E20AED431D4FA6DE003379FA /* PitchPerfectTests.xctest */;
			productType = "com.apple.product-type.bundle.unit-test";
		};
		E20AED4D1D4FA6DE003379FA /* PitchPerfectUITests */ = {
			isa = PBXNativeTarget;
			buildConfigurationList = E20AED5D1D4FA6DF003379FA /* Build configuration list for PBXNativeTarget "PitchPerfectUITests" */;
			buildPhases = (
				E20AED4A1D4FA6DE003379FA /* Sources */,
				E20AED4B1D4FA6DE003379FA /* Frameworks */,
				E20AED4C1D4FA6DE003379FA /* Resources */,
			);
			buildRules = (
			);
			dependencies = (
				E20AED501D4FA6DE003379FA /* PBXTargetDependency */,
			);
			name = PitchPerfectUITests;
			productName = PitchPerfectUITests;
			productReference = E20AED4E1D4FA6DE003379FA /* PitchPerfectUITests.xctest */;
			productType = "com.apple.product-type.bundle.ui-testing";
		};
/* End PBXNativeTarget section */

/* Begin PBXProject section */
		E20AED271D4FA6DE003379FA /* Project object */ = {
			isa = PBXProject;
			attributes = {
				LastSwiftUpdateCheck = 0730;
				LastUpgradeCheck = 0810;
				ORGANIZATIONNAME = stufengrau;
				TargetAttributes = {
					E20AED2E1D4FA6DE003379FA = {
						CreatedOnToolsVersion = 7.3.1;
						DevelopmentTeam = WU53AL59B9;
						LastSwiftMigration = 0820;
					};
					E20AED421D4FA6DE003379FA = {
						CreatedOnToolsVersion = 7.3.1;
						LastSwiftMigration = 0820;
						TestTargetID = E20AED2E1D4FA6DE003379FA;
					};
					E20AED4D1D4FA6DE003379FA = {
						CreatedOnToolsVersion = 7.3.1;
						LastSwiftMigration = 0820;
						TestTargetID = E20AED2E1D4FA6DE003379FA;
					};
				};
			};
			buildConfigurationList = E20AED2A1D4FA6DE003379FA /* Build configuration list for PBXProject "PitchPerfect" */;
			compatibilityVersion = "Xcode 3.2";
			developmentRegion = English;
			hasScannedForEncodings = 0;
			knownRegions = (
				en,
				Base,
			);
			mainGroup = E20AED261D4FA6DE003379FA;
			productRefGroup = E20AED301D4FA6DE003379FA /* Products */;
			projectDirPath = "";
			projectRoot = "";
			targets = (
				E20AED2E1D4FA6DE003379FA /* PitchPerfect */,
				E20AED421D4FA6DE003379FA /* PitchPerfectTests */,
				E20AED4D1D4FA6DE003379FA /* PitchPerfectUITests */,
			);
		};
/* End PBXProject section */

/* Begin PBXResourcesBuildPhase section */
		E20AED2D1D4FA6DE003379FA /* Resources */ = {
			isa = PBXResourcesBuildPhase;
			buildActionMask = 2147483647;
			files = (
				E20AED3D1D4FA6DE003379FA /* LaunchScreen.storyboard in Resources */,
				E20AED3A1D4FA6DE003379FA /* Assets.xcassets in Resources */,
				E20AED381D4FA6DE003379FA /* Main.storyboard in Resources */,
			);
			runOnlyForDeploymentPostprocessing = 0;
		};
		E20AED411D4FA6DE003379FA /* Resources */ = {
			isa = PBXResourcesBuildPhase;
			buildActionMask = 2147483647;
			files = (
			);
			runOnlyForDeploymentPostprocessing = 0;
		};
		E20AED4C1D4FA6DE003379FA /* Resources */ = {
			isa = PBXResourcesBuildPhase;
			buildActionMask = 2147483647;
			files = (
			);
			runOnlyForDeploymentPostprocessing = 0;
		};
/* End PBXResourcesBuildPhase section */

/* Begin PBXSourcesBuildPhase section */
		E20AED2B1D4FA6DE003379FA /* Sources */ = {
			isa = PBXSourcesBuildPhase;
			buildActionMask = 2147483647;
			files = (
				E20AED351D4FA6DE003379FA /* RecordSoundsViewController.swift in Sources */,
				E27157411D51FACC00CB30EC /* PlaySoundsViewController+Audio.swift in Sources */,
				E271573B1D51E97000CB30EC /* PlaySoundsViewController.swift in Sources */,
				E20AED331D4FA6DE003379FA /* AppDelegate.swift in Sources */,
			);
			runOnlyForDeploymentPostprocessing = 0;
		};
		E20AED3F1D4FA6DE003379FA /* Sources */ = {
			isa = PBXSourcesBuildPhase;
			buildActionMask = 2147483647;
			files = (
				E20AED481D4FA6DE003379FA /* PitchPerfectTests.swift in Sources */,
			);
			runOnlyForDeploymentPostprocessing = 0;
		};
		E20AED4A1D4FA6DE003379FA /* Sources */ = {
			isa = PBXSourcesBuildPhase;
			buildActionMask = 2147483647;
			files = (
				E20AED531D4FA6DE003379FA /* PitchPerfectUITests.swift in Sources */,
			);
			runOnlyForDeploymentPostprocessing = 0;
		};
/* End PBXSourcesBuildPhase section */

/* Begin PBXTargetDependency section */
		E20AED451D4FA6DE003379FA /* PBXTargetDependency */ = {
			isa = PBXTargetDependency;
			target = E20AED2E1D4FA6DE003379FA /* PitchPerfect */;
			targetProxy = E20AED441D4FA6DE003379FA /* PBXContainerItemProxy */;
		};
		E20AED501D4FA6DE003379FA /* PBXTargetDependency */ = {
			isa = PBXTargetDependency;
			target = E20AED2E1D4FA6DE003379FA /* PitchPerfect */;
			targetProxy = E20AED4F1D4FA6DE003379FA /* PBXContainerItemProxy */;
		};
/* End PBXTargetDependency section */

/* Begin PBXVariantGroup section */
		E20AED361D4FA6DE003379FA /* Main.storyboard */ = {
			isa = PBXVariantGroup;
			children = (
				E20AED371D4FA6DE003379FA /* Base */,
			);
			name = Main.storyboard;
			sourceTree = "<group>";
		};
		E20AED3B1D4FA6DE003379FA /* LaunchScreen.storyboard */ = {
			isa = PBXVariantGroup;
			children = (
				E20AED3C1D4FA6DE003379FA /* Base */,
			);
			name = LaunchScreen.storyboard;
			sourceTree = "<group>";
		};
/* End PBXVariantGroup section */

/* Begin XCBuildConfiguration section */
		E20AED551D4FA6DF003379FA /* Debug */ = {
			isa = XCBuildConfiguration;
			buildSettings = {
				ALWAYS_SEARCH_USER_PATHS = NO;
				CLANG_ANALYZER_NONNULL = YES;
				CLANG_CXX_LANGUAGE_STANDARD = "gnu++0x";
				CLANG_CXX_LIBRARY = "libc++";
				CLANG_ENABLE_MODULES = YES;
				CLANG_ENABLE_OBJC_ARC = YES;
				CLANG_WARN_BOOL_CONVERSION = YES;
				CLANG_WARN_CONSTANT_CONVERSION = YES;
				CLANG_WARN_DIRECT_OBJC_ISA_USAGE = YES_ERROR;
				CLANG_WARN_EMPTY_BODY = YES;
				CLANG_WARN_ENUM_CONVERSION = YES;
				CLANG_WARN_INFINITE_RECURSION = YES;
				CLANG_WARN_INT_CONVERSION = YES;
				CLANG_WARN_OBJC_ROOT_CLASS = YES_ERROR;
				CLANG_WARN_SUSPICIOUS_MOVE = YES;
				CLANG_WARN_UNREACHABLE_CODE = YES;
				CLANG_WARN__DUPLICATE_METHOD_MATCH = YES;
				"CODE_SIGN_IDENTITY[sdk=iphoneos*]" = "iPhone Developer";
				COPY_PHASE_STRIP = NO;
				DEBUG_INFORMATION_FORMAT = dwarf;
				ENABLE_STRICT_OBJC_MSGSEND = YES;
				ENABLE_TESTABILITY = YES;
				GCC_C_LANGUAGE_STANDARD = gnu99;
				GCC_DYNAMIC_NO_PIC = NO;
				GCC_NO_COMMON_BLOCKS = YES;
				GCC_OPTIMIZATION_LEVEL = 0;
				GCC_PREPROCESSOR_DEFINITIONS = (
					"DEBUG=1",
					"$(inherited)",
				);
				GCC_WARN_64_TO_32_BIT_CONVERSION = YES;
				GCC_WARN_ABOUT_RETURN_TYPE = YES_ERROR;
				GCC_WARN_UNDECLARED_SELECTOR = YES;
				GCC_WARN_UNINITIALIZED_AUTOS = YES_AGGRESSIVE;
				GCC_WARN_UNUSED_FUNCTION = YES;
				GCC_WARN_UNUSED_VARIABLE = YES;
				IPHONEOS_DEPLOYMENT_TARGET = 9.3;
				MTL_ENABLE_DEBUG_INFO = YES;
				ONLY_ACTIVE_ARCH = YES;
				SDKROOT = iphoneos;
				SWIFT_OPTIMIZATION_LEVEL = "-Onone";
				TARGETED_DEVICE_FAMILY = "1,2";
			};
			name = Debug;
		};
		E20AED561D4FA6DF003379FA /* Release */ = {
			isa = XCBuildConfiguration;
			buildSettings = {
				ALWAYS_SEARCH_USER_PATHS = NO;
				CLANG_ANALYZER_NONNULL = YES;
				CLANG_CXX_LANGUAGE_STANDARD = "gnu++0x";
				CLANG_CXX_LIBRARY = "libc++";
				CLANG_ENABLE_MODULES = YES;
				CLANG_ENABLE_OBJC_ARC = YES;
				CLANG_WARN_BOOL_CONVERSION = YES;
				CLANG_WARN_CONSTANT_CONVERSION = YES;
				CLANG_WARN_DIRECT_OBJC_ISA_USAGE = YES_ERROR;
				CLANG_WARN_EMPTY_BODY = YES;
				CLANG_WARN_ENUM_CONVERSION = YES;
				CLANG_WARN_INFINITE_RECURSION = YES;
				CLANG_WARN_INT_CONVERSION = YES;
				CLANG_WARN_OBJC_ROOT_CLASS = YES_ERROR;
				CLANG_WARN_SUSPICIOUS_MOVE = YES;
				CLANG_WARN_UNREACHABLE_CODE = YES;
				CLANG_WARN__DUPLICATE_METHOD_MATCH = YES;
				"CODE_SIGN_IDENTITY[sdk=iphoneos*]" = "iPhone Developer";
				COPY_PHASE_STRIP = NO;
				DEBUG_INFORMATION_FORMAT = "dwarf-with-dsym";
				ENABLE_NS_ASSERTIONS = NO;
				ENABLE_STRICT_OBJC_MSGSEND = YES;
				GCC_C_LANGUAGE_STANDARD = gnu99;
				GCC_NO_COMMON_BLOCKS = YES;
				GCC_WARN_64_TO_32_BIT_CONVERSION = YES;
				GCC_WARN_ABOUT_RETURN_TYPE = YES_ERROR;
				GCC_WARN_UNDECLARED_SELECTOR = YES;
				GCC_WARN_UNINITIALIZED_AUTOS = YES_AGGRESSIVE;
				GCC_WARN_UNUSED_FUNCTION = YES;
				GCC_WARN_UNUSED_VARIABLE = YES;
				IPHONEOS_DEPLOYMENT_TARGET = 9.3;
				MTL_ENABLE_DEBUG_INFO = NO;
				SDKROOT = iphoneos;
				SWIFT_OPTIMIZATION_LEVEL = "-Owholemodule";
				TARGETED_DEVICE_FAMILY = "1,2";
				VALIDATE_PRODUCT = YES;
			};
			name = Release;
		};
		E20AED581D4FA6DF003379FA /* Debug */ = {
			isa = XCBuildConfiguration;
			buildSettings = {
				ASSETCATALOG_COMPILER_APPICON_NAME = AppIcon;
				CODE_SIGN_IDENTITY = "iPhone Developer";
				"CODE_SIGN_IDENTITY[sdk=iphoneos*]" = "iPhone Developer";
				INFOPLIST_FILE = PitchPerfect/Info.plist;
				LD_RUNPATH_SEARCH_PATHS = "$(inherited) @executable_path/Frameworks";
				PRODUCT_BUNDLE_IDENTIFIER = de.stufengrau.PitchPerfect;
				PRODUCT_NAME = "$(TARGET_NAME)";
				PROVISIONING_PROFILE = "";
				SWIFT_VERSION = 3.0;
			};
			name = Debug;
		};
		E20AED591D4FA6DF003379FA /* Release */ = {
			isa = XCBuildConfiguration;
			buildSettings = {
				ASSETCATALOG_COMPILER_APPICON_NAME = AppIcon;
				CODE_SIGN_IDENTITY = "iPhone Developer";
				"CODE_SIGN_IDENTITY[sdk=iphoneos*]" = "iPhone Developer";
				INFOPLIST_FILE = PitchPerfect/Info.plist;
				LD_RUNPATH_SEARCH_PATHS = "$(inherited) @executable_path/Frameworks";
				PRODUCT_BUNDLE_IDENTIFIER = de.stufengrau.PitchPerfect;
				PRODUCT_NAME = "$(TARGET_NAME)";
				PROVISIONING_PROFILE = "";
				SWIFT_VERSION = 3.0;
			};
			name = Release;
		};
		E20AED5B1D4FA6DF003379FA /* Debug */ = {
			isa = XCBuildConfiguration;
			buildSettings = {
				BUNDLE_LOADER = "$(TEST_HOST)";
				INFOPLIST_FILE = PitchPerfectTests/Info.plist;
				LD_RUNPATH_SEARCH_PATHS = "$(inherited) @executable_path/Frameworks @loader_path/Frameworks";
				PRODUCT_BUNDLE_IDENTIFIER = de.stufengrau.PitchPerfectTests;
				PRODUCT_NAME = "$(TARGET_NAME)";
				SWIFT_VERSION = 3.0;
				TEST_HOST = "$(BUILT_PRODUCTS_DIR)/PitchPerfect.app/PitchPerfect";
			};
			name = Debug;
		};
		E20AED5C1D4FA6DF003379FA /* Release */ = {
			isa = XCBuildConfiguration;
			buildSettings = {
				BUNDLE_LOADER = "$(TEST_HOST)";
				INFOPLIST_FILE = PitchPerfectTests/Info.plist;
				LD_RUNPATH_SEARCH_PATHS = "$(inherited) @executable_path/Frameworks @loader_path/Frameworks";
				PRODUCT_BUNDLE_IDENTIFIER = de.stufengrau.PitchPerfectTests;
				PRODUCT_NAME = "$(TARGET_NAME)";
				SWIFT_VERSION = 3.0;
				TEST_HOST = "$(BUILT_PRODUCTS_DIR)/PitchPerfect.app/PitchPerfect";
			};
			name = Release;
		};
		E20AED5E1D4FA6DF003379FA /* Debug */ = {
			isa = XCBuildConfiguration;
			buildSettings = {
				INFOPLIST_FILE = PitchPerfectUITests/Info.plist;
				LD_RUNPATH_SEARCH_PATHS = "$(inherited) @executable_path/Frameworks @loader_path/Frameworks";
				PRODUCT_BUNDLE_IDENTIFIER = de.stufengrau.PitchPerfectUITests;
				PRODUCT_NAME = "$(TARGET_NAME)";
				SWIFT_VERSION = 3.0;
				TEST_TARGET_NAME = PitchPerfect;
			};
			name = Debug;
		};
		E20AED5F1D4FA6DF003379FA /* Release */ = {
			isa = XCBuildConfiguration;
			buildSettings = {
				INFOPLIST_FILE = PitchPerfectUITests/Info.plist;
				LD_RUNPATH_SEARCH_PATHS = "$(inherited) @executable_path/Frameworks @loader_path/Frameworks";
				PRODUCT_BUNDLE_IDENTIFIER = de.stufengrau.PitchPerfectUITests;
				PRODUCT_NAME = "$(TARGET_NAME)";
				SWIFT_VERSION = 3.0;
				TEST_TARGET_NAME = PitchPerfect;
			};
			name = Release;
		};
/* End XCBuildConfiguration section */

/* Begin XCConfigurationList section */
		E20AED2A1D4FA6DE003379FA /* Build configuration list for PBXProject "PitchPerfect" */ = {
			isa = XCConfigurationList;
			buildConfigurations = (
				E20AED551D4FA6DF003379FA /* Debug */,
				E20AED561D4FA6DF003379FA /* Release */,
			);
			defaultConfigurationIsVisible = 0;
			defaultConfigurationName = Release;
		};
		E20AED571D4FA6DF003379FA /* Build configuration list for PBXNativeTarget "PitchPerfect" */ = {
			isa = XCConfigurationList;
			buildConfigurations = (
				E20AED581D4FA6DF003379FA /* Debug */,
				E20AED591D4FA6DF003379FA /* Release */,
			);
			defaultConfigurationIsVisible = 0;
			defaultConfigurationName = Release;
		};
		E20AED5A1D4FA6DF003379FA /* Build configuration list for PBXNativeTarget "PitchPerfectTests" */ = {
			isa = XCConfigurationList;
			buildConfigurations = (
				E20AED5B1D4FA6DF003379FA /* Debug */,
				E20AED5C1D4FA6DF003379FA /* Release */,
			);
			defaultConfigurationIsVisible = 0;
			defaultConfigurationName = Release;
		};
		E20AED5D1D4FA6DF003379FA /* Build configuration list for PBXNativeTarget "PitchPerfectUITests" */ = {
			isa = XCConfigurationList;
			buildConfigurations = (
				E20AED5E1D4FA6DF003379FA /* Debug */,
				E20AED5F1D4FA6DF003379FA /* Release */,
			);
			defaultConfigurationIsVisible = 0;
			defaultConfigurationName = Release;
		};
/* End XCConfigurationList section */
	};
	rootObject = E20AED271D4FA6DE003379FA /* Project object */;
}
